
Microsoft Visual Studio Solution File, Format Version 12.00
# Visual Studio Version 17
VisualStudioVersion = 17.10.34928.147
MinimumVisualStudioVersion = 10.0.40219.1
Project("{2150E333-8FDC-42A3-9474-1A3956D46DE8}") = "ReadModel", "ReadModel", "{5FDC5B43-EA4F-4E83-98E0-1FEB8628E56A}"
EndProject
Project("{2150E333-8FDC-42A3-9474-1A3956D46DE8}") = "WriteModel", "WriteModel", "{371CDD60-495A-4EDA-840F-AADA6716C91D}"
EndProject
Project("{2150E333-8FDC-42A3-9474-1A3956D46DE8}") = "Framework", "Framework", "{E6347692-268D-4734-850B-893D053FDBFA}"
EndProject
Project("{2150E333-8FDC-42A3-9474-1A3956D46DE8}") = "CustomerContext", "CustomerContext", "{D666EFB5-006B-47BF-9191-68A33DE92AAA}"
EndProject
Project("{2150E333-8FDC-42A3-9474-1A3956D46DE8}") = "ApplicationService", "ApplicationService", "{34AC24CC-3FF7-4D40-98F8-E400FA60DC09}"
EndProject
Project("{2150E333-8FDC-42A3-9474-1A3956D46DE8}") = "Domain", "Domain", "{136960AF-6535-413C-836F-E3BB7B3DC1A4}"
EndProject
Project("{2150E333-8FDC-42A3-9474-1A3956D46DE8}") = "Facade", "Facade", "{8588EC86-5104-469C-B4D8-A59D2B66166B}"
EndProject
Project("{2150E333-8FDC-42A3-9474-1A3956D46DE8}") = "Infrastructure", "Infrastructure", "{19BB7F33-2540-4E8E-98EE-6CA48B9F96D2}"
EndProject
Project("{9A19103F-16F7-4668-BE54-9A1E7A4F7556}") = "OrderManagementWebApi.CustomerContext.Configuration", "WriteModel\CustomerContext\OrderManagementWebApi.CustomerContext.Configuration\OrderManagementWebApi.CustomerContext.Configuration.csproj", "{8B9D2B42-C9C9-4C21-AACD-23341CECDC33}"
EndProject
Project("{9A19103F-16F7-4668-BE54-9A1E7A4F7556}") = "OrderManagementWebApi.Persistence", "WriteModel\OrderManagementWebApi.Persistence\OrderManagementWebApi.Persistence.csproj", "{BEA20F68-F4E4-470F-BCC2-1A5B80C5B398}"
EndProject
Project("{9A19103F-16F7-4668-BE54-9A1E7A4F7556}") = "Framework.Application", "Framework\Framework.Application\Framework.Application.csproj", "{4BD5BC89-1BD3-44ED-92AD-09102CA27CF1}"
EndProject
Project("{9A19103F-16F7-4668-BE54-9A1E7A4F7556}") = "Framework.AssemblyHelper", "Framework\Framework.AssemblyHelper\Framework.AssemblyHelper.csproj", "{E472A828-0DAE-4183-8D01-C6FA20148C62}"
EndProject
Project("{9A19103F-16F7-4668-BE54-9A1E7A4F7556}") = "Framework.Core", "Framework\Framework.Core\Framework.Core.csproj", "{45172F97-144D-4CFC-9A4A-FDFEF3FC0E7F}"
EndProject
Project("{9A19103F-16F7-4668-BE54-9A1E7A4F7556}") = "Framework.DependencyInjection", "Framework\Framework.DependancyInjection\Framework.DependencyInjection.csproj", "{AD01A4FF-8A54-4A4B-B24A-75CE1BC25FD2}"
EndProject
Project("{9A19103F-16F7-4668-BE54-9A1E7A4F7556}") = "Framework.Domain", "Framework\Framework.Domain\Framework.Domain.csproj", "{14C6AA53-178A-4ACA-95D6-B4AF00E8128E}"
EndProject
Project("{9A19103F-16F7-4668-BE54-9A1E7A4F7556}") = "Framework.Facade", "Framework\Framework.Facade\Framework.Facade.csproj", "{608E3CD0-7A31-4C8D-8947-540295040493}"
EndProject
Project("{9A19103F-16F7-4668-BE54-9A1E7A4F7556}") = "Framework.Mapper", "Framework\Framework.Mapper\Framework.Mapper.csproj", "{CFB48AC7-B525-4A1D-AB83-A50E906157D7}"
EndProject
Project("{9A19103F-16F7-4668-BE54-9A1E7A4F7556}") = "Framework.Persistence", "Framework\Framework.Persistence\Framework.Persistence.csproj", "{75669CD7-CF5B-433C-A579-F225E15AB623}"
EndProject
Project("{2150E333-8FDC-42A3-9474-1A3956D46DE8}") = "Api", "Api", "{34111D01-8F5C-4969-BEA3-DEA4261A12C0}"
EndProject
Project("{FAE04EC0-301F-11D3-BF4B-00C04F79EFBC}") = "OrderManagementWebApi.Api", "Api\OrderManagementWebApi.Api\OrderManagementWebApi.Api.csproj", "{C6ECBCC1-364F-4072-9E92-8C3A3E17FA65}"
EndProject
Global
	GlobalSection(SolutionConfigurationPlatforms) = preSolution
		Debug|Any CPU = Debug|Any CPU
		Release|Any CPU = Release|Any CPU
	EndGlobalSection
	GlobalSection(ProjectConfigurationPlatforms) = postSolution
		{8B9D2B42-C9C9-4C21-AACD-23341CECDC33}.Debug|Any CPU.ActiveCfg = Debug|Any CPU
		{8B9D2B42-C9C9-4C21-AACD-23341CECDC33}.Debug|Any CPU.Build.0 = Debug|Any CPU
		{8B9D2B42-C9C9-4C21-AACD-23341CECDC33}.Release|Any CPU.ActiveCfg = Release|Any CPU
		{8B9D2B42-C9C9-4C21-AACD-23341CECDC33}.Release|Any CPU.Build.0 = Release|Any CPU
		{BEA20F68-F4E4-470F-BCC2-1A5B80C5B398}.Debug|Any CPU.ActiveCfg = Debug|Any CPU
		{BEA20F68-F4E4-470F-BCC2-1A5B80C5B398}.Debug|Any CPU.Build.0 = Debug|Any CPU
		{BEA20F68-F4E4-470F-BCC2-1A5B80C5B398}.Release|Any CPU.ActiveCfg = Release|Any CPU
		{BEA20F68-F4E4-470F-BCC2-1A5B80C5B398}.Release|Any CPU.Build.0 = Release|Any CPU
		{4BD5BC89-1BD3-44ED-92AD-09102CA27CF1}.Debug|Any CPU.ActiveCfg = Debug|Any CPU
		{4BD5BC89-1BD3-44ED-92AD-09102CA27CF1}.Debug|Any CPU.Build.0 = Debug|Any CPU
		{4BD5BC89-1BD3-44ED-92AD-09102CA27CF1}.Release|Any CPU.ActiveCfg = Release|Any CPU
		{4BD5BC89-1BD3-44ED-92AD-09102CA27CF1}.Release|Any CPU.Build.0 = Release|Any CPU
		{E472A828-0DAE-4183-8D01-C6FA20148C62}.Debug|Any CPU.ActiveCfg = Debug|Any CPU
		{E472A828-0DAE-4183-8D01-C6FA20148C62}.Debug|Any CPU.Build.0 = Debug|Any CPU
		{E472A828-0DAE-4183-8D01-C6FA20148C62}.Release|Any CPU.ActiveCfg = Release|Any CPU
		{E472A828-0DAE-4183-8D01-C6FA20148C62}.Release|Any CPU.Build.0 = Release|Any CPU
		{45172F97-144D-4CFC-9A4A-FDFEF3FC0E7F}.Debug|Any CPU.ActiveCfg = Debug|Any CPU
		{45172F97-144D-4CFC-9A4A-FDFEF3FC0E7F}.Debug|Any CPU.Build.0 = Debug|Any CPU
		{45172F97-144D-4CFC-9A4A-FDFEF3FC0E7F}.Release|Any CPU.ActiveCfg = Release|Any CPU
		{45172F97-144D-4CFC-9A4A-FDFEF3FC0E7F}.Release|Any CPU.Build.0 = Release|Any CPU
		{AD01A4FF-8A54-4A4B-B24A-75CE1BC25FD2}.Debug|Any CPU.ActiveCfg = Debug|Any CPU
		{AD01A4FF-8A54-4A4B-B24A-75CE1BC25FD2}.Debug|Any CPU.Build.0 = Debug|Any CPU
		{AD01A4FF-8A54-4A4B-B24A-75CE1BC25FD2}.Release|Any CPU.ActiveCfg = Release|Any CPU
		{AD01A4FF-8A54-4A4B-B24A-75CE1BC25FD2}.Release|Any CPU.Build.0 = Release|Any CPU
		{14C6AA53-178A-4ACA-95D6-B4AF00E8128E}.Debug|Any CPU.ActiveCfg = Debug|Any CPU
		{14C6AA53-178A-4ACA-95D6-B4AF00E8128E}.Debug|Any CPU.Build.0 = Debug|Any CPU
		{14C6AA53-178A-4ACA-95D6-B4AF00E8128E}.Release|Any CPU.ActiveCfg = Release|Any CPU
		{14C6AA53-178A-4ACA-95D6-B4AF00E8128E}.Release|Any CPU.Build.0 = Release|Any CPU
		{608E3CD0-7A31-4C8D-8947-540295040493}.Debug|Any CPU.ActiveCfg = Debug|Any CPU
		{608E3CD0-7A31-4C8D-8947-540295040493}.Debug|Any CPU.Build.0 = Debug|Any CPU
		{608E3CD0-7A31-4C8D-8947-540295040493}.Release|Any CPU.ActiveCfg = Release|Any CPU
		{608E3CD0-7A31-4C8D-8947-540295040493}.Release|Any CPU.Build.0 = Release|Any CPU
		{CFB48AC7-B525-4A1D-AB83-A50E906157D7}.Debug|Any CPU.ActiveCfg = Debug|Any CPU
		{CFB48AC7-B525-4A1D-AB83-A50E906157D7}.Debug|Any CPU.Build.0 = Debug|Any CPU
		{CFB48AC7-B525-4A1D-AB83-A50E906157D7}.Release|Any CPU.ActiveCfg = Release|Any CPU
		{CFB48AC7-B525-4A1D-AB83-A50E906157D7}.Release|Any CPU.Build.0 = Release|Any CPU
		{75669CD7-CF5B-433C-A579-F225E15AB623}.Debug|Any CPU.ActiveCfg = Debug|Any CPU
		{75669CD7-CF5B-433C-A579-F225E15AB623}.Debug|Any CPU.Build.0 = Debug|Any CPU
		{75669CD7-CF5B-433C-A579-F225E15AB623}.Release|Any CPU.ActiveCfg = Release|Any CPU
		{75669CD7-CF5B-433C-A579-F225E15AB623}.Release|Any CPU.Build.0 = Release|Any CPU
		{C6ECBCC1-364F-4072-9E92-8C3A3E17FA65}.Debug|Any CPU.ActiveCfg = Debug|Any CPU
		{C6ECBCC1-364F-4072-9E92-8C3A3E17FA65}.Debug|Any CPU.Build.0 = Debug|Any CPU
		{C6ECBCC1-364F-4072-9E92-8C3A3E17FA65}.Release|Any CPU.ActiveCfg = Release|Any CPU
		{C6ECBCC1-364F-4072-9E92-8C3A3E17FA65}.Release|Any CPU.Build.0 = Release|Any CPU
	EndGlobalSection
	GlobalSection(SolutionProperties) = preSolution
		HideSolutionNode = FALSE
	EndGlobalSection
	GlobalSection(NestedProjects) = preSolution
		{D666EFB5-006B-47BF-9191-68A33DE92AAA} = {371CDD60-495A-4EDA-840F-AADA6716C91D}
		{34AC24CC-3FF7-4D40-98F8-E400FA60DC09} = {D666EFB5-006B-47BF-9191-68A33DE92AAA}
		{136960AF-6535-413C-836F-E3BB7B3DC1A4} = {D666EFB5-006B-47BF-9191-68A33DE92AAA}
		{8588EC86-5104-469C-B4D8-A59D2B66166B} = {D666EFB5-006B-47BF-9191-68A33DE92AAA}
		{19BB7F33-2540-4E8E-98EE-6CA48B9F96D2} = {D666EFB5-006B-47BF-9191-68A33DE92AAA}
		{8B9D2B42-C9C9-4C21-AACD-23341CECDC33} = {D666EFB5-006B-47BF-9191-68A33DE92AAA}
		{BEA20F68-F4E4-470F-BCC2-1A5B80C5B398} = {371CDD60-495A-4EDA-840F-AADA6716C91D}
		{4BD5BC89-1BD3-44ED-92AD-09102CA27CF1} = {E6347692-268D-4734-850B-893D053FDBFA}
		{E472A828-0DAE-4183-8D01-C6FA20148C62} = {E6347692-268D-4734-850B-893D053FDBFA}
		{45172F97-144D-4CFC-9A4A-FDFEF3FC0E7F} = {E6347692-268D-4734-850B-893D053FDBFA}
		{AD01A4FF-8A54-4A4B-B24A-75CE1BC25FD2} = {E6347692-268D-4734-850B-893D053FDBFA}
		{14C6AA53-178A-4ACA-95D6-B4AF00E8128E} = {E6347692-268D-4734-850B-893D053FDBFA}
		{608E3CD0-7A31-4C8D-8947-540295040493} = {E6347692-268D-4734-850B-893D053FDBFA}
		{CFB48AC7-B525-4A1D-AB83-A50E906157D7} = {E6347692-268D-4734-850B-893D053FDBFA}
		{75669CD7-CF5B-433C-A579-F225E15AB623} = {E6347692-268D-4734-850B-893D053FDBFA}
		{C6ECBCC1-364F-4072-9E92-8C3A3E17FA65} = {34111D01-8F5C-4969-BEA3-DEA4261A12C0}
	EndGlobalSection
	GlobalSection(ExtensibilityGlobals) = postSolution
		SolutionGuid = {DCC01E9F-B040-4758-BCD9-7E0F2987832E}
	EndGlobalSection
EndGlobal
